
Microsoft Visual Studio Solution File, Format Version 12.00
# Visual Studio Version 17
VisualStudioVersion = 17.9.34701.34
MinimumVisualStudioVersion = 10.0.40219.1
Project("{FAE04EC0-301F-11D3-BF4B-00C04F79EFBC}") = "WpfApp2", "WpfApp2\WpfApp2.csproj", "{1BEB234A-8D54-4F1B-A3B1-28C0C553C1EA}"
EndProject
Global
	GlobalSection(SolutionConfigurationPlatforms) = preSolution
		Debug|Any CPU = Debug|Any CPU
		Release|Any CPU = Release|Any CPU
	EndGlobalSection
	GlobalSection(ProjectConfigurationPlatforms) = postSolution
		{1BEB234A-8D54-4F1B-A3B1-28C0C553C1EA}.Debug|Any CPU.ActiveCfg = Debug|Any CPU
		{1BEB234A-8D54-4F1B-A3B1-28C0C553C1EA}.Debug|Any CPU.Build.0 = Debug|Any CPU
		{1BEB234A-8D54-4F1B-A3B1-28C0C553C1EA}.Release|Any CPU.ActiveCfg = Release|Any CPU
		{1BEB234A-8D54-4F1B-A3B1-28C0C553C1EA}.Release|Any CPU.Build.0 = Release|Any CPU
	EndGlobalSection
	GlobalSection(SolutionProperties) = preSolution
		HideSolutionNode = FALSE
	EndGlobalSection
	GlobalSection(ExtensibilityGlobals) = postSolution
		SolutionGuid = {764AEFB3-8503-4A45-97B9-7CA896C3778C}
	EndGlobalSection
EndGlobal
